// !$*UTF8*$!
{
	archiveVersion = 1;
	classes = {
	};
	objectVersion = 63;
	objects = {

/* Begin PBXBuildFile section */
		2BEE4BE506D61D41E90DF1E0 /* Pods_To_Do_List.framework in Frameworks */ = {isa = PBXBuildFile; fileRef = 3133FED0FC3A8DEFFFB4EFA0 /* Pods_To_Do_List.framework */; };
		B447C2152CCD527F003DB4E9 /* Assets.xcassets in Resources */ = {isa = PBXBuildFile; fileRef = B447C20C2CCD527F003DB4E9 /* Assets.xcassets */; };
		B447C2172CCD527F003DB4E9 /* LaunchScreen.storyboard in Resources */ = {isa = PBXBuildFile; fileRef = B447C20F2CCD527F003DB4E9 /* LaunchScreen.storyboard */; };
		B447C2182CCD527F003DB4E9 /* Main.storyboard in Resources */ = {isa = PBXBuildFile; fileRef = B447C2112CCD527F003DB4E9 /* Main.storyboard */; };
		B447C2192CCD527F003DB4E9 /* Item.swift in Sources */ = {isa = PBXBuildFile; fileRef = B447C2092CCD527F003DB4E9 /* Item.swift */; };
		B447C21A2CCD527F003DB4E9 /* AppDelegate.swift in Sources */ = {isa = PBXBuildFile; fileRef = B447C20B2CCD527F003DB4E9 /* AppDelegate.swift */; };
		B447C21B2CCD527F003DB4E9 /* SceneDelegate.swift in Sources */ = {isa = PBXBuildFile; fileRef = B447C2122CCD527F003DB4E9 /* SceneDelegate.swift */; };
		B447C21C2CCD527F003DB4E9 /* ToDoListVC.swift in Sources */ = {isa = PBXBuildFile; fileRef = B447C2132CCD527F003DB4E9 /* ToDoListVC.swift */; };
		B47E62B32CCD6C1600C29716 /* Category.swift in Sources */ = {isa = PBXBuildFile; fileRef = B47E62B22CCD6C1600C29716 /* Category.swift */; };
		B47E62B52CCD70D700C29716 /* CategoryVC.swift in Sources */ = {isa = PBXBuildFile; fileRef = B47E62B42CCD70D700C29716 /* CategoryVC.swift */; };
/* End PBXBuildFile section */

/* Begin PBXFileReference section */
		3133FED0FC3A8DEFFFB4EFA0 /* Pods_To_Do_List.framework */ = {isa = PBXFileReference; explicitFileType = wrapper.framework; includeInIndex = 0; path = Pods_To_Do_List.framework; sourceTree = BUILT_PRODUCTS_DIR; };
		338894CEA33FB1549169AF2F /* Pods-To Do List.release.xcconfig */ = {isa = PBXFileReference; includeInIndex = 1; lastKnownFileType = text.xcconfig; name = "Pods-To Do List.release.xcconfig"; path = "Target Support Files/Pods-To Do List/Pods-To Do List.release.xcconfig"; sourceTree = "<group>"; };
		B4128B4B2CC6E4D8001D9573 /* To Do List.app */ = {isa = PBXFileReference; explicitFileType = wrapper.application; includeInIndex = 0; path = "To Do List.app"; sourceTree = BUILT_PRODUCTS_DIR; };
		B447C2092CCD527F003DB4E9 /* Item.swift */ = {isa = PBXFileReference; lastKnownFileType = sourcecode.swift; path = Item.swift; sourceTree = "<group>"; };
		B447C20B2CCD527F003DB4E9 /* AppDelegate.swift */ = {isa = PBXFileReference; lastKnownFileType = sourcecode.swift; path = AppDelegate.swift; sourceTree = "<group>"; };
		B447C20C2CCD527F003DB4E9 /* Assets.xcassets */ = {isa = PBXFileReference; lastKnownFileType = folder.assetcatalog; path = Assets.xcassets; sourceTree = "<group>"; };
		B447C20D2CCD527F003DB4E9 /* Info.plist */ = {isa = PBXFileReference; lastKnownFileType = text.plist.xml; path = Info.plist; sourceTree = "<group>"; };
		B447C20E2CCD527F003DB4E9 /* Base */ = {isa = PBXFileReference; lastKnownFileType = file.storyboard; name = Base; path = Base.lproj/LaunchScreen.storyboard; sourceTree = "<group>"; };
		B447C2102CCD527F003DB4E9 /* Base */ = {isa = PBXFileReference; lastKnownFileType = file.storyboard; name = Base; path = Base.lproj/Main.storyboard; sourceTree = "<group>"; };
		B447C2122CCD527F003DB4E9 /* SceneDelegate.swift */ = {isa = PBXFileReference; lastKnownFileType = sourcecode.swift; path = SceneDelegate.swift; sourceTree = "<group>"; };
		B447C2132CCD527F003DB4E9 /* ToDoListVC.swift */ = {isa = PBXFileReference; lastKnownFileType = sourcecode.swift; path = ToDoListVC.swift; sourceTree = "<group>"; };
		B47E62B22CCD6C1600C29716 /* Category.swift */ = {isa = PBXFileReference; lastKnownFileType = sourcecode.swift; path = Category.swift; sourceTree = "<group>"; };
		B47E62B42CCD70D700C29716 /* CategoryVC.swift */ = {isa = PBXFileReference; lastKnownFileType = sourcecode.swift; path = CategoryVC.swift; sourceTree = "<group>"; };
		F39E4EFADF311491642FCEB5 /* Pods-To Do List.debug.xcconfig */ = {isa = PBXFileReference; includeInIndex = 1; lastKnownFileType = text.xcconfig; name = "Pods-To Do List.debug.xcconfig"; path = "Target Support Files/Pods-To Do List/Pods-To Do List.debug.xcconfig"; sourceTree = "<group>"; };
/* End PBXFileReference section */

/* Begin PBXFrameworksBuildPhase section */
		B4128B482CC6E4D8001D9573 /* Frameworks */ = {
			isa = PBXFrameworksBuildPhase;
			buildActionMask = 2147483647;
			files = (
				2BEE4BE506D61D41E90DF1E0 /* Pods_To_Do_List.framework in Frameworks */,
			);
			runOnlyForDeploymentPostprocessing = 0;
		};
/* End PBXFrameworksBuildPhase section */

/* Begin PBXGroup section */
		B4128B422CC6E4D8001D9573 = {
			isa = PBXGroup;
			children = (
				B447C2142CCD527F003DB4E9 /* To Do List */,
				B4128B4C2CC6E4D8001D9573 /* Products */,
				B8BCB6DA82AB67FFFDBBB0AD /* Pods */,
				CC0251990D5A249A9DDD7380 /* Frameworks */,
			);
			sourceTree = "<group>";
		};
		B4128B4C2CC6E4D8001D9573 /* Products */ = {
			isa = PBXGroup;
			children = (
				B4128B4B2CC6E4D8001D9573 /* To Do List.app */,
			);
			name = Products;
			sourceTree = "<group>";
		};
		B447C20A2CCD527F003DB4E9 /* Model */ = {
			isa = PBXGroup;
			children = (
				B47E62B22CCD6C1600C29716 /* Category.swift */,
				B447C2092CCD527F003DB4E9 /* Item.swift */,
			);
			path = Model;
			sourceTree = "<group>";
		};
		B447C2142CCD527F003DB4E9 /* To Do List */ = {
			isa = PBXGroup;
			children = (
				B47E62B62CCD70E200C29716 /* Controller */,
				B447C20A2CCD527F003DB4E9 /* Model */,
				B447C20C2CCD527F003DB4E9 /* Assets.xcassets */,
				B447C20D2CCD527F003DB4E9 /* Info.plist */,
				B447C20F2CCD527F003DB4E9 /* LaunchScreen.storyboard */,
				B447C2112CCD527F003DB4E9 /* Main.storyboard */,
				B447C20B2CCD527F003DB4E9 /* AppDelegate.swift */,
				B447C2122CCD527F003DB4E9 /* SceneDelegate.swift */,
			);
			path = "To Do List";
			sourceTree = "<group>";
		};
		B47E62B62CCD70E200C29716 /* Controller */ = {
			isa = PBXGroup;
			children = (
				B447C2132CCD527F003DB4E9 /* ToDoListVC.swift */,
				B47E62B42CCD70D700C29716 /* CategoryVC.swift */,
			);
			path = Controller;
			sourceTree = "<group>";
		};
		B8BCB6DA82AB67FFFDBBB0AD /* Pods */ = {
			isa = PBXGroup;
			children = (
				F39E4EFADF311491642FCEB5 /* Pods-To Do List.debug.xcconfig */,
				338894CEA33FB1549169AF2F /* Pods-To Do List.release.xcconfig */,
			);
			path = Pods;
			sourceTree = "<group>";
		};
		CC0251990D5A249A9DDD7380 /* Frameworks */ = {
			isa = PBXGroup;
			children = (
				3133FED0FC3A8DEFFFB4EFA0 /* Pods_To_Do_List.framework */,
			);
			name = Frameworks;
			sourceTree = "<group>";
		};
/* End PBXGroup section */

/* Begin PBXNativeTarget section */
		B4128B4A2CC6E4D8001D9573 /* To Do List */ = {
			isa = PBXNativeTarget;
			buildConfigurationList = B4128B5E2CC6E4D9001D9573 /* Build configuration list for PBXNativeTarget "To Do List" */;
			buildPhases = (
				170DFD7D14A8FD04DFE59AE7 /* [CP] Check Pods Manifest.lock */,
				B4128B472CC6E4D8001D9573 /* Sources */,
				B4128B482CC6E4D8001D9573 /* Frameworks */,
				B4128B492CC6E4D8001D9573 /* Resources */,
				3D2CB3F9B984508664125CC1 /* [CP] Embed Pods Frameworks */,
			);
			buildRules = (
			);
			dependencies = (
			);
			name = "To Do List";
			productName = "To Do List";
			productReference = B4128B4B2CC6E4D8001D9573 /* To Do List.app */;
			productType = "com.apple.product-type.application";
		};
/* End PBXNativeTarget section */

/* Begin PBXProject section */
		B4128B432CC6E4D8001D9573 /* Project object */ = {
			isa = PBXProject;
			attributes = {
				BuildIndependentTargetsInParallel = 1;
				LastSwiftUpdateCheck = 1600;
				LastUpgradeCheck = 1600;
				TargetAttributes = {
					B4128B4A2CC6E4D8001D9573 = {
						CreatedOnToolsVersion = 16.0;
					};
				};
			};
			buildConfigurationList = B4128B462CC6E4D8001D9573 /* Build configuration list for PBXProject "To Do List" */;
			compatibilityVersion = "Xcode 14.0";
			developmentRegion = en;
			hasScannedForEncodings = 0;
			knownRegions = (
				en,
				Base,
			);
			mainGroup = B4128B422CC6E4D8001D9573;
			minimizedProjectReferenceProxies = 1;
			packageReferences = (
			);
			productRefGroup = B4128B4C2CC6E4D8001D9573 /* Products */;
			projectDirPath = "";
			projectRoot = "";
			targets = (
				B4128B4A2CC6E4D8001D9573 /* To Do List */,
			);
		};
/* End PBXProject section */

/* Begin PBXResourcesBuildPhase section */
		B4128B492CC6E4D8001D9573 /* Resources */ = {
			isa = PBXResourcesBuildPhase;
			buildActionMask = 2147483647;
			files = (
				B447C2152CCD527F003DB4E9 /* Assets.xcassets in Resources */,
				B447C2172CCD527F003DB4E9 /* LaunchScreen.storyboard in Resources */,
				B447C2182CCD527F003DB4E9 /* Main.storyboard in Resources */,
			);
			runOnlyForDeploymentPostprocessing = 0;
		};
/* End PBXResourcesBuildPhase section */

/* Begin PBXShellScriptBuildPhase section */
		170DFD7D14A8FD04DFE59AE7 /* [CP] Check Pods Manifest.lock */ = {
			isa = PBXShellScriptBuildPhase;
			buildActionMask = 2147483647;
			files = (
			);
			inputFileListPaths = (
			);
			inputPaths = (
				"${PODS_PODFILE_DIR_PATH}/Podfile.lock",
				"${PODS_ROOT}/Manifest.lock",
			);
			name = "[CP] Check Pods Manifest.lock";
			outputFileListPaths = (
			);
			outputPaths = (
				"$(DERIVED_FILE_DIR)/Pods-To Do List-checkManifestLockResult.txt",
			);
			runOnlyForDeploymentPostprocessing = 0;
			shellPath = /bin/sh;
			shellScript = "diff \"${PODS_PODFILE_DIR_PATH}/Podfile.lock\" \"${PODS_ROOT}/Manifest.lock\" > /dev/null\nif [ $? != 0 ] ; then\n    # print error to STDERR\n    echo \"error: The sandbox is not in sync with the Podfile.lock. Run 'pod install' or update your CocoaPods installation.\" >&2\n    exit 1\nfi\n# This output is used by Xcode 'outputs' to avoid re-running this script phase.\necho \"SUCCESS\" > \"${SCRIPT_OUTPUT_FILE_0}\"\n";
			showEnvVarsInLog = 0;
		};
		3D2CB3F9B984508664125CC1 /* [CP] Embed Pods Frameworks */ = {
			isa = PBXShellScriptBuildPhase;
			buildActionMask = 2147483647;
			files = (
			);
			inputFileListPaths = (
				"${PODS_ROOT}/Target Support Files/Pods-To Do List/Pods-To Do List-frameworks-${CONFIGURATION}-input-files.xcfilelist",
			);
			name = "[CP] Embed Pods Frameworks";
			outputFileListPaths = (
				"${PODS_ROOT}/Target Support Files/Pods-To Do List/Pods-To Do List-frameworks-${CONFIGURATION}-output-files.xcfilelist",
			);
			runOnlyForDeploymentPostprocessing = 0;
			shellPath = /bin/sh;
			shellScript = "\"${PODS_ROOT}/Target Support Files/Pods-To Do List/Pods-To Do List-frameworks.sh\"\n";
			showEnvVarsInLog = 0;
		};
/* End PBXShellScriptBuildPhase section */

/* Begin PBXSourcesBuildPhase section */
		B4128B472CC6E4D8001D9573 /* Sources */ = {
			isa = PBXSourcesBuildPhase;
			buildActionMask = 2147483647;
			files = (
				B47E62B52CCD70D700C29716 /* CategoryVC.swift in Sources */,
				B447C2192CCD527F003DB4E9 /* Item.swift in Sources */,
				B447C21A2CCD527F003DB4E9 /* AppDelegate.swift in Sources */,
				B447C21B2CCD527F003DB4E9 /* SceneDelegate.swift in Sources */,
				B447C21C2CCD527F003DB4E9 /* ToDoListVC.swift in Sources */,
				B47E62B32CCD6C1600C29716 /* Category.swift in Sources */,
			);
			runOnlyForDeploymentPostprocessing = 0;
		};
/* End PBXSourcesBuildPhase section */

/* Begin PBXVariantGroup section */
		B447C20F2CCD527F003DB4E9 /* LaunchScreen.storyboard */ = {
			isa = PBXVariantGroup;
			children = (
				B447C20E2CCD527F003DB4E9 /* Base */,
			);
			name = LaunchScreen.storyboard;
			sourceTree = "<group>";
		};
		B447C2112CCD527F003DB4E9 /* Main.storyboard */ = {
			isa = PBXVariantGroup;
			children = (
				B447C2102CCD527F003DB4E9 /* Base */,
			);
			name = Main.storyboard;
			sourceTree = "<group>";
		};
/* End PBXVariantGroup section */

/* Begin XCBuildConfiguration section */
		B4128B5F2CC6E4D9001D9573 /* Debug */ = {
			isa = XCBuildConfiguration;
			baseConfigurationReference = F39E4EFADF311491642FCEB5 /* Pods-To Do List.debug.xcconfig */;
			buildSettings = {
				ASSETCATALOG_COMPILER_APPICON_NAME = AppIcon;
				ASSETCATALOG_COMPILER_GLOBAL_ACCENT_COLOR_NAME = AccentColor;
				CODE_SIGN_STYLE = Automatic;
				CURRENT_PROJECT_VERSION = 1;
				DEVELOPMENT_TEAM = PM25M3S5KY;
				ENABLE_USER_SCRIPT_SANDBOXING = NO;
				GENERATE_INFOPLIST_FILE = YES;
				INFOPLIST_FILE = "To Do List/Info.plist";
				INFOPLIST_KEY_UIApplicationSupportsIndirectInputEvents = YES;
				INFOPLIST_KEY_UILaunchStoryboardName = LaunchScreen;
				INFOPLIST_KEY_UIMainStoryboardFile = Main;
				INFOPLIST_KEY_UISupportedInterfaceOrientations = UIInterfaceOrientationPortrait;
				IPHONEOS_DEPLOYMENT_TARGET = 18.0;
				LD_RUNPATH_SEARCH_PATHS = (
					"$(inherited)",
					"@executable_path/Frameworks",
				);
				MARKETING_VERSION = 1.0;
				PRODUCT_BUNDLE_IDENTIFIER = "com.aytacbulanik.To-Do-List";
				PRODUCT_NAME = "$(TARGET_NAME)";
				SUPPORTED_PLATFORMS = "iphoneos iphonesimulator";
				SUPPORTS_MACCATALYST = NO;
				SUPPORTS_MAC_DESIGNED_FOR_IPHONE_IPAD = NO;
				SUPPORTS_XR_DESIGNED_FOR_IPHONE_IPAD = NO;
				SWIFT_EMIT_LOC_STRINGS = YES;
				SWIFT_VERSION = 5.0;
				TARGETED_DEVICE_FAMILY = 1;
			};
			name = Debug;
		};
		B4128B602CC6E4D9001D9573 /* Release */ = {
			isa = XCBuildConfiguration;
			baseConfigurationReference = 338894CEA33FB1549169AF2F /* Pods-To Do List.release.xcconfig */;
			buildSettings = {
				ASSETCATALOG_COMPILER_APPICON_NAME = AppIcon;
				ASSETCATALOG_COMPILER_GLOBAL_ACCENT_COLOR_NAME = AccentColor;
				CODE_SIGN_STYLE = Automatic;
				CURRENT_PROJECT_VERSION = 1;
				DEVELOPMENT_TEAM = PM25M3S5KY;
				ENABLE_USER_SCRIPT_SANDBOXING = NO;
				GENERATE_INFOPLIST_FILE = YES;
				INFOPLIST_FILE = "To Do List/Info.plist";
				INFOPLIST_KEY_UIApplicationSupportsIndirectInputEvents = YES;
				INFOPLIST_KEY_UILaunchStoryboardName = LaunchScreen;
				INFOPLIST_KEY_UIMainStoryboardFile = Main;
				INFOPLIST_KEY_UISupportedInterfaceOrientations = UIInterfaceOrientationPortrait;
				IPHONEOS_DEPLOYMENT_TARGET = 18.0;
				LD_RUNPATH_SEARCH_PATHS = (
					"$(inherited)",
					"@executable_path/Frameworks",
				);
				MARKETING_VERSION = 1.0;
				PRODUCT_BUNDLE_IDENTIFIER = "com.aytacbulanik.To-Do-List";
				PRODUCT_NAME = "$(TARGET_NAME)";
				SUPPORTED_PLATFORMS = "iphoneos iphonesimulator";
				SUPPORTS_MACCATALYST = NO;
				SUPPORTS_MAC_DESIGNED_FOR_IPHONE_IPAD = NO;
				SUPPORTS_XR_DESIGNED_FOR_IPHONE_IPAD = NO;
				SWIFT_EMIT_LOC_STRINGS = YES;
				SWIFT_VERSION = 5.0;
				TARGETED_DEVICE_FAMILY = 1;
			};
			name = Release;
		};
		B4128B612CC6E4D9001D9573 /* Debug */ = {
			isa = XCBuildConfiguration;
			buildSettings = {
				ALWAYS_SEARCH_USER_PATHS = NO;
				ASSETCATALOG_COMPILER_GENERATE_SWIFT_ASSET_SYMBOL_EXTENSIONS = YES;
				CLANG_ANALYZER_NONNULL = YES;
				CLANG_ANALYZER_NUMBER_OBJECT_CONVERSION = YES_AGGRESSIVE;
				CLANG_CXX_LANGUAGE_STANDARD = "gnu++20";
				CLANG_ENABLE_MODULES = YES;
				CLANG_ENABLE_OBJC_ARC = YES;
				CLANG_ENABLE_OBJC_WEAK = YES;
				CLANG_WARN_BLOCK_CAPTURE_AUTORELEASING = YES;
				CLANG_WARN_BOOL_CONVERSION = YES;
				CLANG_WARN_COMMA = YES;
				CLANG_WARN_CONSTANT_CONVERSION = YES;
				CLANG_WARN_DEPRECATED_OBJC_IMPLEMENTATIONS = YES;
				CLANG_WARN_DIRECT_OBJC_ISA_USAGE = YES_ERROR;
				CLANG_WARN_DOCUMENTATION_COMMENTS = YES;
				CLANG_WARN_EMPTY_BODY = YES;
				CLANG_WARN_ENUM_CONVERSION = YES;
				CLANG_WARN_INFINITE_RECURSION = YES;
				CLANG_WARN_INT_CONVERSION = YES;
				CLANG_WARN_NON_LITERAL_NULL_CONVERSION = YES;
				CLANG_WARN_OBJC_IMPLICIT_RETAIN_SELF = YES;
				CLANG_WARN_OBJC_LITERAL_CONVERSION = YES;
				CLANG_WARN_OBJC_ROOT_CLASS = YES_ERROR;
				CLANG_WARN_QUOTED_INCLUDE_IN_FRAMEWORK_HEADER = YES;
				CLANG_WARN_RANGE_LOOP_ANALYSIS = YES;
				CLANG_WARN_STRICT_PROTOTYPES = YES;
				CLANG_WARN_SUSPICIOUS_MOVE = YES;
				CLANG_WARN_UNGUARDED_AVAILABILITY = YES_AGGRESSIVE;
				CLANG_WARN_UNREACHABLE_CODE = YES;
				CLANG_WARN__DUPLICATE_METHOD_MATCH = YES;
				COPY_PHASE_STRIP = NO;
				DEBUG_INFORMATION_FORMAT = dwarf;
				ENABLE_STRICT_OBJC_MSGSEND = YES;
				ENABLE_TESTABILITY = YES;
				ENABLE_USER_SCRIPT_SANDBOXING = YES;
				GCC_C_LANGUAGE_STANDARD = gnu17;
				GCC_DYNAMIC_NO_PIC = NO;
				GCC_NO_COMMON_BLOCKS = YES;
				GCC_OPTIMIZATION_LEVEL = 0;
				GCC_PREPROCESSOR_DEFINITIONS = (
					"DEBUG=1",
					"$(inherited)",
				);
				GCC_WARN_64_TO_32_BIT_CONVERSION = YES;
				GCC_WARN_ABOUT_RETURN_TYPE = YES_ERROR;
				GCC_WARN_UNDECLARED_SELECTOR = YES;
				GCC_WARN_UNINITIALIZED_AUTOS = YES_AGGRESSIVE;
				GCC_WARN_UNUSED_FUNCTION = YES;
				GCC_WARN_UNUSED_VARIABLE = YES;
				IPHONEOS_DEPLOYMENT_TARGET = 18.0;
				LOCALIZATION_PREFERS_STRING_CATALOGS = YES;
				MTL_ENABLE_DEBUG_INFO = INCLUDE_SOURCE;
				MTL_FAST_MATH = YES;
				ONLY_ACTIVE_ARCH = YES;
				SDKROOT = iphoneos;
				SWIFT_ACTIVE_COMPILATION_CONDITIONS = "DEBUG $(inherited)";
				SWIFT_OPTIMIZATION_LEVEL = "-Onone";
			};
			name = Debug;
		};
		B4128B622CC6E4D9001D9573 /* Release */ = {
			isa = XCBuildConfiguration;
			buildSettings = {
				ALWAYS_SEARCH_USER_PATHS = NO;
				ASSETCATALOG_COMPILER_GENERATE_SWIFT_ASSET_SYMBOL_EXTENSIONS = YES;
				CLANG_ANALYZER_NONNULL = YES;
				CLANG_ANALYZER_NUMBER_OBJECT_CONVERSION = YES_AGGRESSIVE;
				CLANG_CXX_LANGUAGE_STANDARD = "gnu++20";
				CLANG_ENABLE_MODULES = YES;
				CLANG_ENABLE_OBJC_ARC = YES;
				CLANG_ENABLE_OBJC_WEAK = YES;
				CLANG_WARN_BLOCK_CAPTURE_AUTORELEASING = YES;
				CLANG_WARN_BOOL_CONVERSION = YES;
				CLANG_WARN_COMMA = YES;
				CLANG_WARN_CONSTANT_CONVERSION = YES;
				CLANG_WARN_DEPRECATED_OBJC_IMPLEMENTATIONS = YES;
				CLANG_WARN_DIRECT_OBJC_ISA_USAGE = YES_ERROR;
				CLANG_WARN_DOCUMENTATION_COMMENTS = YES;
				CLANG_WARN_EMPTY_BODY = YES;
				CLANG_WARN_ENUM_CONVERSION = YES;
				CLANG_WARN_INFINITE_RECURSION = YES;
				CLANG_WARN_INT_CONVERSION = YES;
				CLANG_WARN_NON_LITERAL_NULL_CONVERSION = YES;
				CLANG_WARN_OBJC_IMPLICIT_RETAIN_SELF = YES;
				CLANG_WARN_OBJC_LITERAL_CONVERSION = YES;
				CLANG_WARN_OBJC_ROOT_CLASS = YES_ERROR;
				CLANG_WARN_QUOTED_INCLUDE_IN_FRAMEWORK_HEADER = YES;
				CLANG_WARN_RANGE_LOOP_ANALYSIS = YES;
				CLANG_WARN_STRICT_PROTOTYPES = YES;
				CLANG_WARN_SUSPICIOUS_MOVE = YES;
				CLANG_WARN_UNGUARDED_AVAILABILITY = YES_AGGRESSIVE;
				CLANG_WARN_UNREACHABLE_CODE = YES;
				CLANG_WARN__DUPLICATE_METHOD_MATCH = YES;
				COPY_PHASE_STRIP = NO;
				DEBUG_INFORMATION_FORMAT = "dwarf-with-dsym";
				ENABLE_NS_ASSERTIONS = NO;
				ENABLE_STRICT_OBJC_MSGSEND = YES;
				ENABLE_USER_SCRIPT_SANDBOXING = YES;
				GCC_C_LANGUAGE_STANDARD = gnu17;
				GCC_NO_COMMON_BLOCKS = YES;
				GCC_WARN_64_TO_32_BIT_CONVERSION = YES;
				GCC_WARN_ABOUT_RETURN_TYPE = YES_ERROR;
				GCC_WARN_UNDECLARED_SELECTOR = YES;
				GCC_WARN_UNINITIALIZED_AUTOS = YES_AGGRESSIVE;
				GCC_WARN_UNUSED_FUNCTION = YES;
				GCC_WARN_UNUSED_VARIABLE = YES;
				IPHONEOS_DEPLOYMENT_TARGET = 18.0;
				LOCALIZATION_PREFERS_STRING_CATALOGS = YES;
				MTL_ENABLE_DEBUG_INFO = NO;
				MTL_FAST_MATH = YES;
				SDKROOT = iphoneos;
				SWIFT_COMPILATION_MODE = wholemodule;
				VALIDATE_PRODUCT = YES;
			};
			name = Release;
		};
/* End XCBuildConfiguration section */

/* Begin XCConfigurationList section */
		B4128B462CC6E4D8001D9573 /* Build configuration list for PBXProject "To Do List" */ = {
			isa = XCConfigurationList;
			buildConfigurations = (
				B4128B612CC6E4D9001D9573 /* Debug */,
				B4128B622CC6E4D9001D9573 /* Release */,
			);
			defaultConfigurationIsVisible = 0;
			defaultConfigurationName = Release;
		};
		B4128B5E2CC6E4D9001D9573 /* Build configuration list for PBXNativeTarget "To Do List" */ = {
			isa = XCConfigurationList;
			buildConfigurations = (
				B4128B5F2CC6E4D9001D9573 /* Debug */,
				B4128B602CC6E4D9001D9573 /* Release */,
			);
			defaultConfigurationIsVisible = 0;
			defaultConfigurationName = Release;
		};
/* End XCConfigurationList section */
	};
	rootObject = B4128B432CC6E4D8001D9573 /* Project object */;
}
